# THIS IS AN AUTOGENERATED FILE. DO NOT EDIT THIS FILE DIRECTLY.
# yarn lockfile v1


dompurify@^1.0.10:
  version "1.0.11"
  resolved "https://registry.yarnpkg.com/dompurify/-/dompurify-1.0.11.tgz#fe0f4a40d147f7cebbe31a50a1357539cfc1eb4d"
  integrity sha512-XywCTXZtc/qCX3iprD1pIklRVk/uhl8BKpkTxr+ZyMVUzSUg7wkQXRBp/euJ5J5moa1QvfpvaPQVP71z1O59dQ==

load-script@^1.0.0:
  version "1.0.0"
  resolved "https://registry.yarnpkg.com/load-script/-/load-script-1.0.0.tgz#0491939e0bee5643ee494a7e3da3d2bac70c6ca4"
  integrity sha1-BJGTngvuVkPuSUp+PaPSuscMbKQ=
